
Microsoft Visual Studio Solution File, Format Version 12.00
# Visual Studio Version 16
VisualStudioVersion = 16.0.31605.320
MinimumVisualStudioVersion = 10.0.40219.1
Project("{FAE04EC0-301F-11D3-BF4B-00C04F79EFBC}") = "Business", "Business\Business.csproj", "{E19C02E3-D22B-47CB-A524-B05B1E897432}"
EndProject
Project("{FAE04EC0-301F-11D3-BF4B-00C04F79EFBC}") = "Core", "Core\Core.csproj", "{2D0F3C75-9420-44FE-B426-188172B9C2B3}"
EndProject
Project("{FAE04EC0-301F-11D3-BF4B-00C04F79EFBC}") = "DataAccess", "DataAccess\DataAccess.csproj", "{EFA14220-DB5B-4CB4-8118-ACAB7C9844A6}"
EndProject
Project("{FAE04EC0-301F-11D3-BF4B-00C04F79EFBC}") = "Entities", "Entities\Entities.csproj", "{574A34C7-4833-43D3-9D90-D99B15479EF2}"
EndProject
Project("{FAE04EC0-301F-11D3-BF4B-00C04F79EFBC}") = "UetdsAPI", "UetdsAPI\UetdsAPI.csproj", "{4BE385BC-7353-4228-9827-B99E1EA01832}"
EndProject
Global
	GlobalSection(SolutionConfigurationPlatforms) = preSolution
		Debug|Any CPU = Debug|Any CPU
		Release|Any CPU = Release|Any CPU
	EndGlobalSection
	GlobalSection(ProjectConfigurationPlatforms) = postSolution
		{E19C02E3-D22B-47CB-A524-B05B1E897432}.Debug|Any CPU.ActiveCfg = Debug|Any CPU
		{E19C02E3-D22B-47CB-A524-B05B1E897432}.Debug|Any CPU.Build.0 = Debug|Any CPU
		{E19C02E3-D22B-47CB-A524-B05B1E897432}.Release|Any CPU.ActiveCfg = Release|Any CPU
		{E19C02E3-D22B-47CB-A524-B05B1E897432}.Release|Any CPU.Build.0 = Release|Any CPU
		{2D0F3C75-9420-44FE-B426-188172B9C2B3}.Debug|Any CPU.ActiveCfg = Debug|Any CPU
		{2D0F3C75-9420-44FE-B426-188172B9C2B3}.Debug|Any CPU.Build.0 = Debug|Any CPU
		{2D0F3C75-9420-44FE-B426-188172B9C2B3}.Release|Any CPU.ActiveCfg = Release|Any CPU
		{2D0F3C75-9420-44FE-B426-188172B9C2B3}.Release|Any CPU.Build.0 = Release|Any CPU
		{EFA14220-DB5B-4CB4-8118-ACAB7C9844A6}.Debug|Any CPU.ActiveCfg = Debug|Any CPU
		{EFA14220-DB5B-4CB4-8118-ACAB7C9844A6}.Debug|Any CPU.Build.0 = Debug|Any CPU
		{EFA14220-DB5B-4CB4-8118-ACAB7C9844A6}.Release|Any CPU.ActiveCfg = Release|Any CPU
		{EFA14220-DB5B-4CB4-8118-ACAB7C9844A6}.Release|Any CPU.Build.0 = Release|Any CPU
		{574A34C7-4833-43D3-9D90-D99B15479EF2}.Debug|Any CPU.ActiveCfg = Debug|Any CPU
		{574A34C7-4833-43D3-9D90-D99B15479EF2}.Debug|Any CPU.Build.0 = Debug|Any CPU
		{574A34C7-4833-43D3-9D90-D99B15479EF2}.Release|Any CPU.ActiveCfg = Release|Any CPU
		{574A34C7-4833-43D3-9D90-D99B15479EF2}.Release|Any CPU.Build.0 = Release|Any CPU
		{4BE385BC-7353-4228-9827-B99E1EA01832}.Debug|Any CPU.ActiveCfg = Debug|Any CPU
		{4BE385BC-7353-4228-9827-B99E1EA01832}.Debug|Any CPU.Build.0 = Debug|Any CPU
		{4BE385BC-7353-4228-9827-B99E1EA01832}.Release|Any CPU.ActiveCfg = Release|Any CPU
		{4BE385BC-7353-4228-9827-B99E1EA01832}.Release|Any CPU.Build.0 = Release|Any CPU
	EndGlobalSection
	GlobalSection(SolutionProperties) = preSolution
		HideSolutionNode = FALSE
	EndGlobalSection
	GlobalSection(ExtensibilityGlobals) = postSolution
		SolutionGuid = {C499F45A-CD5F-4433-93A2-C10130561BE8}
	EndGlobalSection
EndGlobal
